# This file was autogenerated by Stack.
# You should not edit this file by hand.
# For more information, please see the documentation at:
#   https://docs.haskellstack.org/en/stable/lock_files

packages:
- completed:
    hackage: directory-1.3.7.0@sha256:d44788eac41268d951679fdcc343adc8a65fcf5b016bdf6c1f996bf78dde798e,2940
    pantry-tree:
      sha256: 2352834a6424cc8b462706c15e08bb721e120829b147b6d798eade4ebce425f5
      size: 3433
  original:
    hackage: directory-1.3.7.0
- completed:
    hackage: filepath-1.4.2.1@sha256:aff13ab4dd895931e77c22756e6e4e7bc8189351e0fa48270a998b826a63f54a,2291
    pantry-tree:
      sha256: ed5ffa1e42c2626fc3b13b9f7ff3fef6b841515a57021819f8066db4e93264dc
      size: 681
  original:
    hackage: filepath-1.4.2.1
- completed:
    hackage: temporary-1.3@sha256:3a66c136f700dbf42f3c5000ca93e80b26dead51e54322c83272b236c1ec8ef1,1485
    pantry-tree:
      sha256: 5bfb8569e9c83e1b17604fc4375b5efd280f28146a7c42524f13a986f5a3bbc5
      size: 318
  original:
    hackage: temporary-1.3
snapshots:
- completed:
    sha256: 56ef9e03804cb4827866e762dc9752eeb392adda8f4811690da110dd9a165b9e
    size: 714105
    url: https://raw.githubusercontent.com/commercialhaskell/stackage-snapshots/master/lts/22/8.yaml
  original:
    url: https://raw.githubusercontent.com/commercialhaskell/stackage-snapshots/master/lts/22/8.yaml
